
Microsoft Visual Studio Solution File, Format Version 12.00
# Visual Studio Version 16
VisualStudioVersion = 16.0.29306.81
MinimumVisualStudioVersion = 10.0.40219.1
Project("{FAE04EC0-301F-11D3-BF4B-00C04F79EFBC}") = "Septiembre26", "Septiembre26\Septiembre26.csproj", "{BFD8E5FD-9B69-4A35-98F8-ED9EE80A2549}"
EndProject
Global
	GlobalSection(SolutionConfigurationPlatforms) = preSolution
		Debug|Any CPU = Debug|Any CPU
		Release|Any CPU = Release|Any CPU
	EndGlobalSection
	GlobalSection(ProjectConfigurationPlatforms) = postSolution
		{BFD8E5FD-9B69-4A35-98F8-ED9EE80A2549}.Debug|Any CPU.ActiveCfg = Debug|Any CPU
		{BFD8E5FD-9B69-4A35-98F8-ED9EE80A2549}.Debug|Any CPU.Build.0 = Debug|Any CPU
		{BFD8E5FD-9B69-4A35-98F8-ED9EE80A2549}.Release|Any CPU.ActiveCfg = Release|Any CPU
		{BFD8E5FD-9B69-4A35-98F8-ED9EE80A2549}.Release|Any CPU.Build.0 = Release|Any CPU
	EndGlobalSection
	GlobalSection(SolutionProperties) = preSolution
		HideSolutionNode = FALSE
	EndGlobalSection
	GlobalSection(ExtensibilityGlobals) = postSolution
		SolutionGuid = {D0B1A809-1DDC-40FB-BBB5-CAAAB99DD272}
	EndGlobalSection
EndGlobal
